// !$*UTF8*$!
{
	archiveVersion = 1;
	classes = {
	};
	objectVersion = 50;
	objects = {

/* Begin PBXBuildFile section */
		1B08BB26227787600072D1CA /* AppDelegate.swift in Sources */ = {isa = PBXBuildFile; fileRef = 1B08BB25227787600072D1CA /* AppDelegate.swift */; };
		1B08BB2B227787600072D1CA /* Main.storyboard in Resources */ = {isa = PBXBuildFile; fileRef = 1B08BB29227787600072D1CA /* Main.storyboard */; };
		1B08BB2D2277876F0072D1CA /* Assets.xcassets in Resources */ = {isa = PBXBuildFile; fileRef = 1B08BB2C2277876F0072D1CA /* Assets.xcassets */; };
		1B08BB302277876F0072D1CA /* LaunchScreen.storyboard in Resources */ = {isa = PBXBuildFile; fileRef = 1B08BB2E2277876F0072D1CA /* LaunchScreen.storyboard */; };
		1B08BB3822778AB30072D1CA /* VocabListTableViewController.swift in Sources */ = {isa = PBXBuildFile; fileRef = 1B08BB3722778AB30072D1CA /* VocabListTableViewController.swift */; };
		1B08BB3A22778B830072D1CA /* VocabTerm.swift in Sources */ = {isa = PBXBuildFile; fileRef = 1B08BB3922778B830072D1CA /* VocabTerm.swift */; };
		1B08BB3C22778CE00072D1CA /* VocabController.swift in Sources */ = {isa = PBXBuildFile; fileRef = 1B08BB3B22778CE00072D1CA /* VocabController.swift */; };
		1B08BB402277923B0072D1CA /* VocabTermDetailViewController.swift in Sources */ = {isa = PBXBuildFile; fileRef = 1B08BB3F2277923B0072D1CA /* VocabTermDetailViewController.swift */; };
/* End PBXBuildFile section */

/* Begin PBXFileReference section */
		1B08BB22227787600072D1CA /* SwiftVocabulary-CP-iOS6.app */ = {isa = PBXFileReference; explicitFileType = wrapper.application; includeInIndex = 0; path = "SwiftVocabulary-CP-iOS6.app"; sourceTree = BUILT_PRODUCTS_DIR; };
		1B08BB25227787600072D1CA /* AppDelegate.swift */ = {isa = PBXFileReference; lastKnownFileType = sourcecode.swift; path = AppDelegate.swift; sourceTree = "<group>"; };
		1B08BB2A227787600072D1CA /* Base */ = {isa = PBXFileReference; lastKnownFileType = file.storyboard; name = Base; path = Base.lproj/Main.storyboard; sourceTree = "<group>"; };
		1B08BB2C2277876F0072D1CA /* Assets.xcassets */ = {isa = PBXFileReference; lastKnownFileType = folder.assetcatalog; path = Assets.xcassets; sourceTree = "<group>"; };
		1B08BB2F2277876F0072D1CA /* Base */ = {isa = PBXFileReference; lastKnownFileType = file.storyboard; name = Base; path = Base.lproj/LaunchScreen.storyboard; sourceTree = "<group>"; };
		1B08BB312277876F0072D1CA /* Info.plist */ = {isa = PBXFileReference; lastKnownFileType = text.plist.xml; path = Info.plist; sourceTree = "<group>"; };
		1B08BB3722778AB30072D1CA /* VocabListTableViewController.swift */ = {isa = PBXFileReference; lastKnownFileType = sourcecode.swift; path = VocabListTableViewController.swift; sourceTree = "<group>"; };
		1B08BB3922778B830072D1CA /* VocabTerm.swift */ = {isa = PBXFileReference; lastKnownFileType = sourcecode.swift; path = VocabTerm.swift; sourceTree = "<group>"; };
		1B08BB3B22778CE00072D1CA /* VocabController.swift */ = {isa = PBXFileReference; lastKnownFileType = sourcecode.swift; path = VocabController.swift; sourceTree = "<group>"; };
		1B08BB3F2277923B0072D1CA /* VocabTermDetailViewController.swift */ = {isa = PBXFileReference; lastKnownFileType = sourcecode.swift; path = VocabTermDetailViewController.swift; sourceTree = "<group>"; };
/* End PBXFileReference section */

/* Begin PBXFrameworksBuildPhase section */
		1B08BB1F227787600072D1CA /* Frameworks */ = {
			isa = PBXFrameworksBuildPhase;
			buildActionMask = 2147483647;
			files = (
			);
			runOnlyForDeploymentPostprocessing = 0;
		};
/* End PBXFrameworksBuildPhase section */

/* Begin PBXGroup section */
		1B08BB192277875F0072D1CA = {
			isa = PBXGroup;
			children = (
				1B08BB24227787600072D1CA /* SwiftVocabulary-CP-iOS6 */,
				1B08BB23227787600072D1CA /* Products */,
			);
			sourceTree = "<group>";
		};
		1B08BB23227787600072D1CA /* Products */ = {
			isa = PBXGroup;
			children = (
				1B08BB22227787600072D1CA /* SwiftVocabulary-CP-iOS6.app */,
			);
			name = Products;
			sourceTree = "<group>";
		};
		1B08BB24227787600072D1CA /* SwiftVocabulary-CP-iOS6 */ = {
			isa = PBXGroup;
			children = (
				1B08BB29227787600072D1CA /* Main.storyboard */,
				1B08BB3922778B830072D1CA /* VocabTerm.swift */,
				1B08BB3B22778CE00072D1CA /* VocabController.swift */,
				1B08BB3722778AB30072D1CA /* VocabListTableViewController.swift */,
				1B08BB3F2277923B0072D1CA /* VocabTermDetailViewController.swift */,
				1B08BB2E2277876F0072D1CA /* LaunchScreen.storyboard */,
				1B08BB2C2277876F0072D1CA /* Assets.xcassets */,
				1B08BB312277876F0072D1CA /* Info.plist */,
				1B08BB25227787600072D1CA /* AppDelegate.swift */,
			);
			path = "SwiftVocabulary-CP-iOS6";
			sourceTree = "<group>";
		};
/* End PBXGroup section */

/* Begin PBXNativeTarget section */
		1B08BB21227787600072D1CA /* SwiftVocabulary-CP-iOS6 */ = {
			isa = PBXNativeTarget;
			buildConfigurationList = 1B08BB342277876F0072D1CA /* Build configuration list for PBXNativeTarget "SwiftVocabulary-CP-iOS6" */;
			buildPhases = (
				1B08BB1E227787600072D1CA /* Sources */,
				1B08BB1F227787600072D1CA /* Frameworks */,
				1B08BB20227787600072D1CA /* Resources */,
			);
			buildRules = (
			);
			dependencies = (
			);
			name = "SwiftVocabulary-CP-iOS6";
			productName = "SwiftVocabulary-CP-iOS6";
			productReference = 1B08BB22227787600072D1CA /* SwiftVocabulary-CP-iOS6.app */;
			productType = "com.apple.product-type.application";
		};
/* End PBXNativeTarget section */

/* Begin PBXProject section */
		1B08BB1A2277875F0072D1CA /* Project object */ = {
			isa = PBXProject;
			attributes = {
				LastSwiftUpdateCheck = 1020;
				LastUpgradeCheck = 1020;
				ORGANIZATIONNAME = "Chris Price";
				TargetAttributes = {
					1B08BB21227787600072D1CA = {
						CreatedOnToolsVersion = 10.2.1;
					};
				};
			};
			buildConfigurationList = 1B08BB1D2277875F0072D1CA /* Build configuration list for PBXProject "SwiftVocabulary-CP-iOS6" */;
			compatibilityVersion = "Xcode 9.3";
			developmentRegion = en;
			hasScannedForEncodings = 0;
			knownRegions = (
				en,
				Base,
			);
			mainGroup = 1B08BB192277875F0072D1CA;
			productRefGroup = 1B08BB23227787600072D1CA /* Products */;
			projectDirPath = "";
			projectRoot = "";
			targets = (
				1B08BB21227787600072D1CA /* SwiftVocabulary-CP-iOS6 */,
			);
		};
/* End PBXProject section */

/* Begin PBXResourcesBuildPhase section */
		1B08BB20227787600072D1CA /* Resources */ = {
			isa = PBXResourcesBuildPhase;
			buildActionMask = 2147483647;
			files = (
				1B08BB302277876F0072D1CA /* LaunchScreen.storyboard in Resources */,
				1B08BB2D2277876F0072D1CA /* Assets.xcassets in Resources */,
				1B08BB2B227787600072D1CA /* Main.storyboard in Resources */,
			);
			runOnlyForDeploymentPostprocessing = 0;
		};
/* End PBXResourcesBuildPhase section */

/* Begin PBXSourcesBuildPhase section */
		1B08BB1E227787600072D1CA /* Sources */ = {
			isa = PBXSourcesBuildPhase;
			buildActionMask = 2147483647;
			files = (
				1B08BB3822778AB30072D1CA /* VocabListTableViewController.swift in Sources */,
				1B08BB402277923B0072D1CA /* VocabTermDetailViewController.swift in Sources */,
				1B08BB3A22778B830072D1CA /* VocabTerm.swift in Sources */,
				1B08BB26227787600072D1CA /* AppDelegate.swift in Sources */,
				1B08BB3C22778CE00072D1CA /* VocabController.swift in Sources */,
			);
			runOnlyForDeploymentPostprocessing = 0;
		};
/* End PBXSourcesBuildPhase section */

/* Begin PBXVariantGroup section */
		1B08BB29227787600072D1CA /* Main.storyboard */ = {
			isa = PBXVariantGroup;
			children = (
				1B08BB2A227787600072D1CA /* Base */,
			);
			name = Main.storyboard;
			sourceTree = "<group>";
		};
		1B08BB2E2277876F0072D1CA /* LaunchScreen.storyboard */ = {
			isa = PBXVariantGroup;
			children = (
				1B08BB2F2277876F0072D1CA /* Base */,
			);
			name = LaunchScreen.storyboard;
			sourceTree = "<group>";
		};
/* End PBXVariantGroup section */

/* Begin XCBuildConfiguration section */
		1B08BB322277876F0072D1CA /* Debug */ = {
			isa = XCBuildConfiguration;
			buildSettings = {
				ALWAYS_SEARCH_USER_PATHS = NO;
				CLANG_ANALYZER_NONNULL = YES;
				CLANG_ANALYZER_NUMBER_OBJECT_CONVERSION = YES_AGGRESSIVE;
				CLANG_CXX_LANGUAGE_STANDARD = "gnu++14";
				CLANG_CXX_LIBRARY = "libc++";
				CLANG_ENABLE_MODULES = YES;
				CLANG_ENABLE_OBJC_ARC = YES;
				CLANG_ENABLE_OBJC_WEAK = YES;
				CLANG_WARN_BLOCK_CAPTURE_AUTORELEASING = YES;
				CLANG_WARN_BOOL_CONVERSION = YES;
				CLANG_WARN_COMMA = YES;
				CLANG_WARN_CONSTANT_CONVERSION = YES;
				CLANG_WARN_DEPRECATED_OBJC_IMPLEMENTATIONS = YES;
				CLANG_WARN_DIRECT_OBJC_ISA_USAGE = YES_ERROR;
				CLANG_WARN_DOCUMENTATION_COMMENTS = YES;
				CLANG_WARN_EMPTY_BODY = YES;
				CLANG_WARN_ENUM_CONVERSION = YES;
				CLANG_WARN_INFINITE_RECURSION = YES;
				CLANG_WARN_INT_CONVERSION = YES;
				CLANG_WARN_NON_LITERAL_NULL_CONVERSION = YES;
				CLANG_WARN_OBJC_IMPLICIT_RETAIN_SELF = YES;
				CLANG_WARN_OBJC_LITERAL_CONVERSION = YES;
				CLANG_WARN_OBJC_ROOT_CLASS = YES_ERROR;
				CLANG_WARN_RANGE_LOOP_ANALYSIS = YES;
				CLANG_WARN_STRICT_PROTOTYPES = YES;
				CLANG_WARN_SUSPICIOUS_MOVE = YES;
				CLANG_WARN_UNGUARDED_AVAILABILITY = YES_AGGRESSIVE;
				CLANG_WARN_UNREACHABLE_CODE = YES;
				CLANG_WARN__DUPLICATE_METHOD_MATCH = YES;
				CODE_SIGN_IDENTITY = "iPhone Developer";
				COPY_PHASE_STRIP = NO;
				DEBUG_INFORMATION_FORMAT = dwarf;
				ENABLE_STRICT_OBJC_MSGSEND = YES;
				ENABLE_TESTABILITY = YES;
				GCC_C_LANGUAGE_STANDARD = gnu11;
				GCC_DYNAMIC_NO_PIC = NO;
				GCC_NO_COMMON_BLOCKS = YES;
				GCC_OPTIMIZATION_LEVEL = 0;
				GCC_PREPROCESSOR_DEFINITIONS = (
					"DEBUG=1",
					"$(inherited)",
				);
				GCC_WARN_64_TO_32_BIT_CONVERSION = YES;
				GCC_WARN_ABOUT_RETURN_TYPE = YES_ERROR;
				GCC_WARN_UNDECLARED_SELECTOR = YES;
				GCC_WARN_UNINITIALIZED_AUTOS = YES_AGGRESSIVE;
				GCC_WARN_UNUSED_FUNCTION = YES;
				GCC_WARN_UNUSED_VARIABLE = YES;
				IPHONEOS_DEPLOYMENT_TARGET = 12.2;
				MTL_ENABLE_DEBUG_INFO = INCLUDE_SOURCE;
				MTL_FAST_MATH = YES;
				ONLY_ACTIVE_ARCH = YES;
				SDKROOT = iphoneos;
				SWIFT_ACTIVE_COMPILATION_CONDITIONS = DEBUG;
				SWIFT_OPTIMIZATION_LEVEL = "-Onone";
			};
			name = Debug;
		};
		1B08BB332277876F0072D1CA /* Release */ = {
			isa = XCBuildConfiguration;
			buildSettings = {
				ALWAYS_SEARCH_USER_PATHS = NO;
				CLANG_ANALYZER_NONNULL = YES;
				CLANG_ANALYZER_NUMBER_OBJECT_CONVERSION = YES_AGGRESSIVE;
				CLANG_CXX_LANGUAGE_STANDARD = "gnu++14";
				CLANG_CXX_LIBRARY = "libc++";
				CLANG_ENABLE_MODULES = YES;
				CLANG_ENABLE_OBJC_ARC = YES;
				CLANG_ENABLE_OBJC_WEAK = YES;
				CLANG_WARN_BLOCK_CAPTURE_AUTORELEASING = YES;
				CLANG_WARN_BOOL_CONVERSION = YES;
				CLANG_WARN_COMMA = YES;
				CLANG_WARN_CONSTANT_CONVERSION = YES;
				CLANG_WARN_DEPRECATED_OBJC_IMPLEMENTATIONS = YES;
				CLANG_WARN_DIRECT_OBJC_ISA_USAGE = YES_ERROR;
				CLANG_WARN_DOCUMENTATION_COMMENTS = YES;
				CLANG_WARN_EMPTY_BODY = YES;
				CLANG_WARN_ENUM_CONVERSION = YES;
				CLANG_WARN_INFINITE_RECURSION = YES;
				CLANG_WARN_INT_CONVERSION = YES;
				CLANG_WARN_NON_LITERAL_NULL_CONVERSION = YES;
				CLANG_WARN_OBJC_IMPLICIT_RETAIN_SELF = YES;
				CLANG_WARN_OBJC_LITERAL_CONVERSION = YES;
				CLANG_WARN_OBJC_ROOT_CLASS = YES_ERROR;
				CLANG_WARN_RANGE_LOOP_ANALYSIS = YES;
				CLANG_WARN_STRICT_PROTOTYPES = YES;
				CLANG_WARN_SUSPICIOUS_MOVE = YES;
				CLANG_WARN_UNGUARDED_AVAILABILITY = YES_AGGRESSIVE;
				CLANG_WARN_UNREACHABLE_CODE = YES;
				CLANG_WARN__DUPLICATE_METHOD_MATCH = YES;
				CODE_SIGN_IDENTITY = "iPhone Developer";
				COPY_PHASE_STRIP = NO;
				DEBUG_INFORMATION_FORMAT = "dwarf-with-dsym";
				ENABLE_NS_ASSERTIONS = NO;
				ENABLE_STRICT_OBJC_MSGSEND = YES;
				GCC_C_LANGUAGE_STANDARD = gnu11;
				GCC_NO_COMMON_BLOCKS = YES;
				GCC_WARN_64_TO_32_BIT_CONVERSION = YES;
				GCC_WARN_ABOUT_RETURN_TYPE = YES_ERROR;
				GCC_WARN_UNDECLARED_SELECTOR = YES;
				GCC_WARN_UNINITIALIZED_AUTOS = YES_AGGRESSIVE;
				GCC_WARN_UNUSED_FUNCTION = YES;
				GCC_WARN_UNUSED_VARIABLE = YES;
				IPHONEOS_DEPLOYMENT_TARGET = 12.2;
				MTL_ENABLE_DEBUG_INFO = NO;
				MTL_FAST_MATH = YES;
				SDKROOT = iphoneos;
				SWIFT_COMPILATION_MODE = wholemodule;
				SWIFT_OPTIMIZATION_LEVEL = "-O";
				VALIDATE_PRODUCT = YES;
			};
			name = Release;
		};
		1B08BB352277876F0072D1CA /* Debug */ = {
			isa = XCBuildConfiguration;
			buildSettings = {
				ASSETCATALOG_COMPILER_APPICON_NAME = AppIcon;
				CODE_SIGN_STYLE = Automatic;
				DEVELOPMENT_TEAM = 37V89NUM8V;
				INFOPLIST_FILE = "SwiftVocabulary-CP-iOS6/Info.plist";
				LD_RUNPATH_SEARCH_PATHS = (
					"$(inherited)",
					"@executable_path/Frameworks",
				);
				PRODUCT_BUNDLE_IDENTIFIER = "com.chrisprice.SwiftVocabulary-CP-iOS6";
				PRODUCT_NAME = "$(TARGET_NAME)";
				SWIFT_VERSION = 5.0;
				TARGETED_DEVICE_FAMILY = "1,2";
			};
			name = Debug;
		};
		1B08BB362277876F0072D1CA /* Release */ = {
			isa = XCBuildConfiguration;
			buildSettings = {
				ASSETCATALOG_COMPILER_APPICON_NAME = AppIcon;
				CODE_SIGN_STYLE = Automatic;
				DEVELOPMENT_TEAM = 37V89NUM8V;
				INFOPLIST_FILE = "SwiftVocabulary-CP-iOS6/Info.plist";
				LD_RUNPATH_SEARCH_PATHS = (
					"$(inherited)",
					"@executable_path/Frameworks",
				);
				PRODUCT_BUNDLE_IDENTIFIER = "com.chrisprice.SwiftVocabulary-CP-iOS6";
				PRODUCT_NAME = "$(TARGET_NAME)";
				SWIFT_VERSION = 5.0;
				TARGETED_DEVICE_FAMILY = "1,2";
			};
			name = Release;
		};
/* End XCBuildConfiguration section */

/* Begin XCConfigurationList section */
		1B08BB1D2277875F0072D1CA /* Build configuration list for PBXProject "SwiftVocabulary-CP-iOS6" */ = {
			isa = XCConfigurationList;
			buildConfigurations = (
				1B08BB322277876F0072D1CA /* Debug */,
				1B08BB332277876F0072D1CA /* Release */,
			);
			defaultConfigurationIsVisible = 0;
			defaultConfigurationName = Release;
		};
		1B08BB342277876F0072D1CA /* Build configuration list for PBXNativeTarget "SwiftVocabulary-CP-iOS6" */ = {
			isa = XCConfigurationList;
			buildConfigurations = (
				1B08BB352277876F0072D1CA /* Debug */,
				1B08BB362277876F0072D1CA /* Release */,
			);
			defaultConfigurationIsVisible = 0;
			defaultConfigurationName = Release;
		};
/* End XCConfigurationList section */
	};
	rootObject = 1B08BB1A2277875F0072D1CA /* Project object */;
}
