// !$*UTF8*$!
{
	archiveVersion = 1;
	classes = {
	};
	objectVersion = 50;
	objects = {

/* Begin PBXBuildFile section */
		428EF7EF237CF32B00971BCB /* AppDelegate.swift in Sources */ = {isa = PBXBuildFile; fileRef = 428EF7EE237CF32B00971BCB /* AppDelegate.swift */; };
		428EF7F1237CF32B00971BCB /* SceneDelegate.swift in Sources */ = {isa = PBXBuildFile; fileRef = 428EF7F0237CF32B00971BCB /* SceneDelegate.swift */; };
		428EF7F3237CF32B00971BCB /* ViewController.swift in Sources */ = {isa = PBXBuildFile; fileRef = 428EF7F2237CF32B00971BCB /* ViewController.swift */; };
		428EF7F6237CF32B00971BCB /* Main.storyboard in Resources */ = {isa = PBXBuildFile; fileRef = 428EF7F4237CF32B00971BCB /* Main.storyboard */; };
		428EF7F8237CF32D00971BCB /* Assets.xcassets in Resources */ = {isa = PBXBuildFile; fileRef = 428EF7F7237CF32D00971BCB /* Assets.xcassets */; };
		428EF7FB237CF32D00971BCB /* LaunchScreen.storyboard in Resources */ = {isa = PBXBuildFile; fileRef = 428EF7F9237CF32D00971BCB /* LaunchScreen.storyboard */; };
		428EF805237CF37E00971BCB /* DefinitionViewController.swift in Sources */ = {isa = PBXBuildFile; fileRef = 428EF804237CF37E00971BCB /* DefinitionViewController.swift */; };
		428EF807237CF51100971BCB /* VocabularyWord.swift in Sources */ = {isa = PBXBuildFile; fileRef = 428EF806237CF51100971BCB /* VocabularyWord.swift */; };
		42A82320237CF80100374465 /* WordsTableViewController.swift in Sources */ = {isa = PBXBuildFile; fileRef = 42A8231F237CF80100374465 /* WordsTableViewController.swift */; };
/* End PBXBuildFile section */

/* Begin PBXFileReference section */
		428EF7EB237CF32B00971BCB /* SwiftVocabulary.app */ = {isa = PBXFileReference; explicitFileType = wrapper.application; includeInIndex = 0; path = SwiftVocabulary.app; sourceTree = BUILT_PRODUCTS_DIR; };
		428EF7EE237CF32B00971BCB /* AppDelegate.swift */ = {isa = PBXFileReference; lastKnownFileType = sourcecode.swift; path = AppDelegate.swift; sourceTree = "<group>"; };
		428EF7F0237CF32B00971BCB /* SceneDelegate.swift */ = {isa = PBXFileReference; lastKnownFileType = sourcecode.swift; path = SceneDelegate.swift; sourceTree = "<group>"; };
		428EF7F2237CF32B00971BCB /* ViewController.swift */ = {isa = PBXFileReference; lastKnownFileType = sourcecode.swift; path = ViewController.swift; sourceTree = "<group>"; };
		428EF7F5237CF32B00971BCB /* Base */ = {isa = PBXFileReference; lastKnownFileType = file.storyboard; name = Base; path = Base.lproj/Main.storyboard; sourceTree = "<group>"; };
		428EF7F7237CF32D00971BCB /* Assets.xcassets */ = {isa = PBXFileReference; lastKnownFileType = folder.assetcatalog; path = Assets.xcassets; sourceTree = "<group>"; };
		428EF7FA237CF32D00971BCB /* Base */ = {isa = PBXFileReference; lastKnownFileType = file.storyboard; name = Base; path = Base.lproj/LaunchScreen.storyboard; sourceTree = "<group>"; };
		428EF7FC237CF32D00971BCB /* Info.plist */ = {isa = PBXFileReference; lastKnownFileType = text.plist.xml; path = Info.plist; sourceTree = "<group>"; };
		428EF804237CF37E00971BCB /* DefinitionViewController.swift */ = {isa = PBXFileReference; lastKnownFileType = sourcecode.swift; path = DefinitionViewController.swift; sourceTree = "<group>"; };
		428EF806237CF51100971BCB /* VocabularyWord.swift */ = {isa = PBXFileReference; lastKnownFileType = sourcecode.swift; path = VocabularyWord.swift; sourceTree = "<group>"; };
		42A8231F237CF80100374465 /* WordsTableViewController.swift */ = {isa = PBXFileReference; lastKnownFileType = sourcecode.swift; path = WordsTableViewController.swift; sourceTree = "<group>"; };
/* End PBXFileReference section */

/* Begin PBXFrameworksBuildPhase section */
		428EF7E8237CF32B00971BCB /* Frameworks */ = {
			isa = PBXFrameworksBuildPhase;
			buildActionMask = 2147483647;
			files = (
			);
			runOnlyForDeploymentPostprocessing = 0;
		};
/* End PBXFrameworksBuildPhase section */

/* Begin PBXGroup section */
		428EF7E2237CF32B00971BCB = {
			isa = PBXGroup;
			children = (
				428EF7ED237CF32B00971BCB /* SwiftVocabulary */,
				428EF7EC237CF32B00971BCB /* Products */,
			);
			sourceTree = "<group>";
		};
		428EF7EC237CF32B00971BCB /* Products */ = {
			isa = PBXGroup;
			children = (
				428EF7EB237CF32B00971BCB /* SwiftVocabulary.app */,
			);
			name = Products;
			sourceTree = "<group>";
		};
		428EF7ED237CF32B00971BCB /* SwiftVocabulary */ = {
			isa = PBXGroup;
			children = (
				428EF7EE237CF32B00971BCB /* AppDelegate.swift */,
				428EF7F0237CF32B00971BCB /* SceneDelegate.swift */,
				428EF7F2237CF32B00971BCB /* ViewController.swift */,
				428EF7F4237CF32B00971BCB /* Main.storyboard */,
				428EF7F7237CF32D00971BCB /* Assets.xcassets */,
				428EF7F9237CF32D00971BCB /* LaunchScreen.storyboard */,
				428EF7FC237CF32D00971BCB /* Info.plist */,
				428EF804237CF37E00971BCB /* DefinitionViewController.swift */,
				428EF806237CF51100971BCB /* VocabularyWord.swift */,
				42A8231F237CF80100374465 /* WordsTableViewController.swift */,
			);
			path = SwiftVocabulary;
			sourceTree = "<group>";
		};
/* End PBXGroup section */

/* Begin PBXNativeTarget section */
		428EF7EA237CF32B00971BCB /* SwiftVocabulary */ = {
			isa = PBXNativeTarget;
			buildConfigurationList = 428EF7FF237CF32D00971BCB /* Build configuration list for PBXNativeTarget "SwiftVocabulary" */;
			buildPhases = (
				428EF7E7237CF32B00971BCB /* Sources */,
				428EF7E8237CF32B00971BCB /* Frameworks */,
				428EF7E9237CF32B00971BCB /* Resources */,
			);
			buildRules = (
			);
			dependencies = (
			);
			name = SwiftVocabulary;
			productName = SwiftVocabulary;
			productReference = 428EF7EB237CF32B00971BCB /* SwiftVocabulary.app */;
			productType = "com.apple.product-type.application";
		};
/* End PBXNativeTarget section */

/* Begin PBXProject section */
		428EF7E3237CF32B00971BCB /* Project object */ = {
			isa = PBXProject;
			attributes = {
				LastSwiftUpdateCheck = 1120;
				LastUpgradeCheck = 1120;
				ORGANIZATIONNAME = "Joshua Rutkowski";
				TargetAttributes = {
					428EF7EA237CF32B00971BCB = {
						CreatedOnToolsVersion = 11.2.1;
					};
				};
			};
			buildConfigurationList = 428EF7E6237CF32B00971BCB /* Build configuration list for PBXProject "SwiftVocabulary" */;
			compatibilityVersion = "Xcode 9.3";
			developmentRegion = en;
			hasScannedForEncodings = 0;
			knownRegions = (
				en,
				Base,
			);
			mainGroup = 428EF7E2237CF32B00971BCB;
			productRefGroup = 428EF7EC237CF32B00971BCB /* Products */;
			projectDirPath = "";
			projectRoot = "";
			targets = (
				428EF7EA237CF32B00971BCB /* SwiftVocabulary */,
			);
		};
/* End PBXProject section */

/* Begin PBXResourcesBuildPhase section */
		428EF7E9237CF32B00971BCB /* Resources */ = {
			isa = PBXResourcesBuildPhase;
			buildActionMask = 2147483647;
			files = (
				428EF7FB237CF32D00971BCB /* LaunchScreen.storyboard in Resources */,
				428EF7F8237CF32D00971BCB /* Assets.xcassets in Resources */,
				428EF7F6237CF32B00971BCB /* Main.storyboard in Resources */,
			);
			runOnlyForDeploymentPostprocessing = 0;
		};
/* End PBXResourcesBuildPhase section */

/* Begin PBXSourcesBuildPhase section */
		428EF7E7237CF32B00971BCB /* Sources */ = {
			isa = PBXSourcesBuildPhase;
			buildActionMask = 2147483647;
			files = (
				428EF7F3237CF32B00971BCB /* ViewController.swift in Sources */,
				428EF7EF237CF32B00971BCB /* AppDelegate.swift in Sources */,
				428EF807237CF51100971BCB /* VocabularyWord.swift in Sources */,
				428EF7F1237CF32B00971BCB /* SceneDelegate.swift in Sources */,
				428EF805237CF37E00971BCB /* DefinitionViewController.swift in Sources */,
				42A82320237CF80100374465 /* WordsTableViewController.swift in Sources */,
			);
			runOnlyForDeploymentPostprocessing = 0;
		};
/* End PBXSourcesBuildPhase section */

/* Begin PBXVariantGroup section */
		428EF7F4237CF32B00971BCB /* Main.storyboard */ = {
			isa = PBXVariantGroup;
			children = (
				428EF7F5237CF32B00971BCB /* Base */,
			);
			name = Main.storyboard;
			sourceTree = "<group>";
		};
		428EF7F9237CF32D00971BCB /* LaunchScreen.storyboard */ = {
			isa = PBXVariantGroup;
			children = (
				428EF7FA237CF32D00971BCB /* Base */,
			);
			name = LaunchScreen.storyboard;
			sourceTree = "<group>";
		};
/* End PBXVariantGroup section */

/* Begin XCBuildConfiguration section */
		428EF7FD237CF32D00971BCB /* Debug */ = {
			isa = XCBuildConfiguration;
			buildSettings = {
				ALWAYS_SEARCH_USER_PATHS = NO;
				CLANG_ANALYZER_NONNULL = YES;
				CLANG_ANALYZER_NUMBER_OBJECT_CONVERSION = YES_AGGRESSIVE;
				CLANG_CXX_LANGUAGE_STANDARD = "gnu++14";
				CLANG_CXX_LIBRARY = "libc++";
				CLANG_ENABLE_MODULES = YES;
				CLANG_ENABLE_OBJC_ARC = YES;
				CLANG_ENABLE_OBJC_WEAK = YES;
				CLANG_WARN_BLOCK_CAPTURE_AUTORELEASING = YES;
				CLANG_WARN_BOOL_CONVERSION = YES;
				CLANG_WARN_COMMA = YES;
				CLANG_WARN_CONSTANT_CONVERSION = YES;
				CLANG_WARN_DEPRECATED_OBJC_IMPLEMENTATIONS = YES;
				CLANG_WARN_DIRECT_OBJC_ISA_USAGE = YES_ERROR;
				CLANG_WARN_DOCUMENTATION_COMMENTS = YES;
				CLANG_WARN_EMPTY_BODY = YES;
				CLANG_WARN_ENUM_CONVERSION = YES;
				CLANG_WARN_INFINITE_RECURSION = YES;
				CLANG_WARN_INT_CONVERSION = YES;
				CLANG_WARN_NON_LITERAL_NULL_CONVERSION = YES;
				CLANG_WARN_OBJC_IMPLICIT_RETAIN_SELF = YES;
				CLANG_WARN_OBJC_LITERAL_CONVERSION = YES;
				CLANG_WARN_OBJC_ROOT_CLASS = YES_ERROR;
				CLANG_WARN_RANGE_LOOP_ANALYSIS = YES;
				CLANG_WARN_STRICT_PROTOTYPES = YES;
				CLANG_WARN_SUSPICIOUS_MOVE = YES;
				CLANG_WARN_UNGUARDED_AVAILABILITY = YES_AGGRESSIVE;
				CLANG_WARN_UNREACHABLE_CODE = YES;
				CLANG_WARN__DUPLICATE_METHOD_MATCH = YES;
				COPY_PHASE_STRIP = NO;
				DEBUG_INFORMATION_FORMAT = dwarf;
				ENABLE_STRICT_OBJC_MSGSEND = YES;
				ENABLE_TESTABILITY = YES;
				GCC_C_LANGUAGE_STANDARD = gnu11;
				GCC_DYNAMIC_NO_PIC = NO;
				GCC_NO_COMMON_BLOCKS = YES;
				GCC_OPTIMIZATION_LEVEL = 0;
				GCC_PREPROCESSOR_DEFINITIONS = (
					"DEBUG=1",
					"$(inherited)",
				);
				GCC_WARN_64_TO_32_BIT_CONVERSION = YES;
				GCC_WARN_ABOUT_RETURN_TYPE = YES_ERROR;
				GCC_WARN_UNDECLARED_SELECTOR = YES;
				GCC_WARN_UNINITIALIZED_AUTOS = YES_AGGRESSIVE;
				GCC_WARN_UNUSED_FUNCTION = YES;
				GCC_WARN_UNUSED_VARIABLE = YES;
				IPHONEOS_DEPLOYMENT_TARGET = 13.2;
				MTL_ENABLE_DEBUG_INFO = INCLUDE_SOURCE;
				MTL_FAST_MATH = YES;
				ONLY_ACTIVE_ARCH = YES;
				SDKROOT = iphoneos;
				SWIFT_ACTIVE_COMPILATION_CONDITIONS = DEBUG;
				SWIFT_OPTIMIZATION_LEVEL = "-Onone";
			};
			name = Debug;
		};
		428EF7FE237CF32D00971BCB /* Release */ = {
			isa = XCBuildConfiguration;
			buildSettings = {
				ALWAYS_SEARCH_USER_PATHS = NO;
				CLANG_ANALYZER_NONNULL = YES;
				CLANG_ANALYZER_NUMBER_OBJECT_CONVERSION = YES_AGGRESSIVE;
				CLANG_CXX_LANGUAGE_STANDARD = "gnu++14";
				CLANG_CXX_LIBRARY = "libc++";
				CLANG_ENABLE_MODULES = YES;
				CLANG_ENABLE_OBJC_ARC = YES;
				CLANG_ENABLE_OBJC_WEAK = YES;
				CLANG_WARN_BLOCK_CAPTURE_AUTORELEASING = YES;
				CLANG_WARN_BOOL_CONVERSION = YES;
				CLANG_WARN_COMMA = YES;
				CLANG_WARN_CONSTANT_CONVERSION = YES;
				CLANG_WARN_DEPRECATED_OBJC_IMPLEMENTATIONS = YES;
				CLANG_WARN_DIRECT_OBJC_ISA_USAGE = YES_ERROR;
				CLANG_WARN_DOCUMENTATION_COMMENTS = YES;
				CLANG_WARN_EMPTY_BODY = YES;
				CLANG_WARN_ENUM_CONVERSION = YES;
				CLANG_WARN_INFINITE_RECURSION = YES;
				CLANG_WARN_INT_CONVERSION = YES;
				CLANG_WARN_NON_LITERAL_NULL_CONVERSION = YES;
				CLANG_WARN_OBJC_IMPLICIT_RETAIN_SELF = YES;
				CLANG_WARN_OBJC_LITERAL_CONVERSION = YES;
				CLANG_WARN_OBJC_ROOT_CLASS = YES_ERROR;
				CLANG_WARN_RANGE_LOOP_ANALYSIS = YES;
				CLANG_WARN_STRICT_PROTOTYPES = YES;
				CLANG_WARN_SUSPICIOUS_MOVE = YES;
				CLANG_WARN_UNGUARDED_AVAILABILITY = YES_AGGRESSIVE;
				CLANG_WARN_UNREACHABLE_CODE = YES;
				CLANG_WARN__DUPLICATE_METHOD_MATCH = YES;
				COPY_PHASE_STRIP = NO;
				DEBUG_INFORMATION_FORMAT = "dwarf-with-dsym";
				ENABLE_NS_ASSERTIONS = NO;
				ENABLE_STRICT_OBJC_MSGSEND = YES;
				GCC_C_LANGUAGE_STANDARD = gnu11;
				GCC_NO_COMMON_BLOCKS = YES;
				GCC_WARN_64_TO_32_BIT_CONVERSION = YES;
				GCC_WARN_ABOUT_RETURN_TYPE = YES_ERROR;
				GCC_WARN_UNDECLARED_SELECTOR = YES;
				GCC_WARN_UNINITIALIZED_AUTOS = YES_AGGRESSIVE;
				GCC_WARN_UNUSED_FUNCTION = YES;
				GCC_WARN_UNUSED_VARIABLE = YES;
				IPHONEOS_DEPLOYMENT_TARGET = 13.2;
				MTL_ENABLE_DEBUG_INFO = NO;
				MTL_FAST_MATH = YES;
				SDKROOT = iphoneos;
				SWIFT_COMPILATION_MODE = wholemodule;
				SWIFT_OPTIMIZATION_LEVEL = "-O";
				VALIDATE_PRODUCT = YES;
			};
			name = Release;
		};
		428EF800237CF32D00971BCB /* Debug */ = {
			isa = XCBuildConfiguration;
			buildSettings = {
				ASSETCATALOG_COMPILER_APPICON_NAME = AppIcon;
				CODE_SIGN_STYLE = Automatic;
				DEVELOPMENT_TEAM = T22WQ5292J;
				INFOPLIST_FILE = SwiftVocabulary/Info.plist;
				LD_RUNPATH_SEARCH_PATHS = (
					"$(inherited)",
					"@executable_path/Frameworks",
				);
				PRODUCT_BUNDLE_IDENTIFIER = com.joshrutkowski.SwiftVocabulary;
				PRODUCT_NAME = "$(TARGET_NAME)";
				SWIFT_VERSION = 5.0;
				TARGETED_DEVICE_FAMILY = "1,2";
			};
			name = Debug;
		};
		428EF801237CF32D00971BCB /* Release */ = {
			isa = XCBuildConfiguration;
			buildSettings = {
				ASSETCATALOG_COMPILER_APPICON_NAME = AppIcon;
				CODE_SIGN_STYLE = Automatic;
				DEVELOPMENT_TEAM = T22WQ5292J;
				INFOPLIST_FILE = SwiftVocabulary/Info.plist;
				LD_RUNPATH_SEARCH_PATHS = (
					"$(inherited)",
					"@executable_path/Frameworks",
				);
				PRODUCT_BUNDLE_IDENTIFIER = com.joshrutkowski.SwiftVocabulary;
				PRODUCT_NAME = "$(TARGET_NAME)";
				SWIFT_VERSION = 5.0;
				TARGETED_DEVICE_FAMILY = "1,2";
			};
			name = Release;
		};
/* End XCBuildConfiguration section */

/* Begin XCConfigurationList section */
		428EF7E6237CF32B00971BCB /* Build configuration list for PBXProject "SwiftVocabulary" */ = {
			isa = XCConfigurationList;
			buildConfigurations = (
				428EF7FD237CF32D00971BCB /* Debug */,
				428EF7FE237CF32D00971BCB /* Release */,
			);
			defaultConfigurationIsVisible = 0;
			defaultConfigurationName = Release;
		};
		428EF7FF237CF32D00971BCB /* Build configuration list for PBXNativeTarget "SwiftVocabulary" */ = {
			isa = XCConfigurationList;
			buildConfigurations = (
				428EF800237CF32D00971BCB /* Debug */,
				428EF801237CF32D00971BCB /* Release */,
			);
			defaultConfigurationIsVisible = 0;
			defaultConfigurationName = Release;
		};
/* End XCConfigurationList section */
	};
	rootObject = 428EF7E3237CF32B00971BCB /* Project object */;
}
