// !$*UTF8*$!
{
	archiveVersion = 1;
	classes = {
	};
	objectVersion = 50;
	objects = {

/* Begin PBXBuildFile section */
		A176240B237CEE6800BF86E0 /* AppDelegate.swift in Sources */ = {isa = PBXBuildFile; fileRef = A176240A237CEE6800BF86E0 /* AppDelegate.swift */; };
		A176240D237CEE6800BF86E0 /* SceneDelegate.swift in Sources */ = {isa = PBXBuildFile; fileRef = A176240C237CEE6800BF86E0 /* SceneDelegate.swift */; };
		A176240F237CEE6800BF86E0 /* ViewController.swift in Sources */ = {isa = PBXBuildFile; fileRef = A176240E237CEE6800BF86E0 /* ViewController.swift */; };
		A1762414237CEE6A00BF86E0 /* Assets.xcassets in Resources */ = {isa = PBXBuildFile; fileRef = A1762413237CEE6A00BF86E0 /* Assets.xcassets */; };
		A1762420237CEFB600BF86E0 /* Constants.swift in Sources */ = {isa = PBXBuildFile; fileRef = A176241F237CEFB600BF86E0 /* Constants.swift */; };
		A1762422237CEFF000BF86E0 /* VolcabularyWord.swift in Sources */ = {isa = PBXBuildFile; fileRef = A1762421237CEFF000BF86E0 /* VolcabularyWord.swift */; };
		A1762425237CF12100BF86E0 /* Main.storyboard in Resources */ = {isa = PBXBuildFile; fileRef = A1762423237CF12100BF86E0 /* Main.storyboard */; };
		A1762427237CF14700BF86E0 /* LaunchScreen.storyboard in Resources */ = {isa = PBXBuildFile; fileRef = A1762426237CF14700BF86E0 /* LaunchScreen.storyboard */; };
		A176242A237CF19F00BF86E0 /* WordsTableViewController.swift in Sources */ = {isa = PBXBuildFile; fileRef = A1762429237CF19F00BF86E0 /* WordsTableViewController.swift */; };
		A176242C237CF1D100BF86E0 /* DefinitionViewController.swift in Sources */ = {isa = PBXBuildFile; fileRef = A176242B237CF1D100BF86E0 /* DefinitionViewController.swift */; };
/* End PBXBuildFile section */

/* Begin PBXFileReference section */
		A1762407237CEE6800BF86E0 /* Swift Vocabulary.app */ = {isa = PBXFileReference; explicitFileType = wrapper.application; includeInIndex = 0; path = "Swift Vocabulary.app"; sourceTree = BUILT_PRODUCTS_DIR; };
		A176240A237CEE6800BF86E0 /* AppDelegate.swift */ = {isa = PBXFileReference; lastKnownFileType = sourcecode.swift; path = AppDelegate.swift; sourceTree = "<group>"; };
		A176240C237CEE6800BF86E0 /* SceneDelegate.swift */ = {isa = PBXFileReference; lastKnownFileType = sourcecode.swift; path = SceneDelegate.swift; sourceTree = "<group>"; };
		A176240E237CEE6800BF86E0 /* ViewController.swift */ = {isa = PBXFileReference; lastKnownFileType = sourcecode.swift; path = ViewController.swift; sourceTree = "<group>"; };
		A1762413237CEE6A00BF86E0 /* Assets.xcassets */ = {isa = PBXFileReference; lastKnownFileType = folder.assetcatalog; path = Assets.xcassets; sourceTree = "<group>"; };
		A1762418237CEE6A00BF86E0 /* Info.plist */ = {isa = PBXFileReference; lastKnownFileType = text.plist.xml; path = Info.plist; sourceTree = "<group>"; };
		A176241F237CEFB600BF86E0 /* Constants.swift */ = {isa = PBXFileReference; lastKnownFileType = sourcecode.swift; path = Constants.swift; sourceTree = "<group>"; };
		A1762421237CEFF000BF86E0 /* VolcabularyWord.swift */ = {isa = PBXFileReference; lastKnownFileType = sourcecode.swift; path = VolcabularyWord.swift; sourceTree = "<group>"; };
		A1762424237CF12100BF86E0 /* Base */ = {isa = PBXFileReference; lastKnownFileType = file.storyboard; name = Base; path = "../../SwiftVocabulary-master/SwiftVocabulary/View/Storyboards/Base.lproj/Main.storyboard"; sourceTree = "<group>"; };
		A1762426237CF14700BF86E0 /* LaunchScreen.storyboard */ = {isa = PBXFileReference; fileEncoding = 4; lastKnownFileType = file.storyboard; path = LaunchScreen.storyboard; sourceTree = "<group>"; };
		A1762429237CF19F00BF86E0 /* WordsTableViewController.swift */ = {isa = PBXFileReference; lastKnownFileType = sourcecode.swift; path = WordsTableViewController.swift; sourceTree = "<group>"; };
		A176242B237CF1D100BF86E0 /* DefinitionViewController.swift */ = {isa = PBXFileReference; lastKnownFileType = sourcecode.swift; path = DefinitionViewController.swift; sourceTree = "<group>"; };
/* End PBXFileReference section */

/* Begin PBXFrameworksBuildPhase section */
		A1762404237CEE6800BF86E0 /* Frameworks */ = {
			isa = PBXFrameworksBuildPhase;
			buildActionMask = 2147483647;
			files = (
			);
			runOnlyForDeploymentPostprocessing = 0;
		};
/* End PBXFrameworksBuildPhase section */

/* Begin PBXGroup section */
		A17623FE237CEE6800BF86E0 = {
			isa = PBXGroup;
			children = (
				A1762409237CEE6800BF86E0 /* Swift Vocabulary */,
				A1762408237CEE6800BF86E0 /* Products */,
			);
			sourceTree = "<group>";
		};
		A1762408237CEE6800BF86E0 /* Products */ = {
			isa = PBXGroup;
			children = (
				A1762407237CEE6800BF86E0 /* Swift Vocabulary.app */,
			);
			name = Products;
			sourceTree = "<group>";
		};
		A1762409237CEE6800BF86E0 /* Swift Vocabulary */ = {
			isa = PBXGroup;
			children = (
				A176241E237CEF0000BF86E0 /* Model */,
				A1762428237CF17500BF86E0 /* Controller */,
				A176240C237CEE6800BF86E0 /* SceneDelegate.swift */,
				A176240A237CEE6800BF86E0 /* AppDelegate.swift */,
				A176240E237CEE6800BF86E0 /* ViewController.swift */,
				A1762423237CF12100BF86E0 /* Main.storyboard */,
				A1762426237CF14700BF86E0 /* LaunchScreen.storyboard */,
				A1762413237CEE6A00BF86E0 /* Assets.xcassets */,
				A1762418237CEE6A00BF86E0 /* Info.plist */,
			);
			path = "Swift Vocabulary";
			sourceTree = "<group>";
		};
		A176241E237CEF0000BF86E0 /* Model */ = {
			isa = PBXGroup;
			children = (
				A176241F237CEFB600BF86E0 /* Constants.swift */,
				A1762421237CEFF000BF86E0 /* VolcabularyWord.swift */,
			);
			path = Model;
			sourceTree = "<group>";
		};
		A1762428237CF17500BF86E0 /* Controller */ = {
			isa = PBXGroup;
			children = (
				A1762429237CF19F00BF86E0 /* WordsTableViewController.swift */,
				A176242B237CF1D100BF86E0 /* DefinitionViewController.swift */,
			);
			path = Controller;
			sourceTree = "<group>";
		};
/* End PBXGroup section */

/* Begin PBXNativeTarget section */
		A1762406237CEE6800BF86E0 /* Swift Vocabulary */ = {
			isa = PBXNativeTarget;
			buildConfigurationList = A176241B237CEE6A00BF86E0 /* Build configuration list for PBXNativeTarget "Swift Vocabulary" */;
			buildPhases = (
				A1762403237CEE6800BF86E0 /* Sources */,
				A1762404237CEE6800BF86E0 /* Frameworks */,
				A1762405237CEE6800BF86E0 /* Resources */,
			);
			buildRules = (
			);
			dependencies = (
			);
			name = "Swift Vocabulary";
			productName = "Swift Vocabulary";
			productReference = A1762407237CEE6800BF86E0 /* Swift Vocabulary.app */;
			productType = "com.apple.product-type.application";
		};
/* End PBXNativeTarget section */

/* Begin PBXProject section */
		A17623FF237CEE6800BF86E0 /* Project object */ = {
			isa = PBXProject;
			attributes = {
				LastSwiftUpdateCheck = 1100;
				LastUpgradeCheck = 1100;
				ORGANIZATIONNAME = "lambda school";
				TargetAttributes = {
					A1762406237CEE6800BF86E0 = {
						CreatedOnToolsVersion = 11.0;
					};
				};
			};
			buildConfigurationList = A1762402237CEE6800BF86E0 /* Build configuration list for PBXProject "Swift Vocabulary" */;
			compatibilityVersion = "Xcode 9.3";
			developmentRegion = en;
			hasScannedForEncodings = 0;
			knownRegions = (
				en,
				Base,
			);
			mainGroup = A17623FE237CEE6800BF86E0;
			productRefGroup = A1762408237CEE6800BF86E0 /* Products */;
			projectDirPath = "";
			projectRoot = "";
			targets = (
				A1762406237CEE6800BF86E0 /* Swift Vocabulary */,
			);
		};
/* End PBXProject section */

/* Begin PBXResourcesBuildPhase section */
		A1762405237CEE6800BF86E0 /* Resources */ = {
			isa = PBXResourcesBuildPhase;
			buildActionMask = 2147483647;
			files = (
				A1762427237CF14700BF86E0 /* LaunchScreen.storyboard in Resources */,
				A1762425237CF12100BF86E0 /* Main.storyboard in Resources */,
				A1762414237CEE6A00BF86E0 /* Assets.xcassets in Resources */,
			);
			runOnlyForDeploymentPostprocessing = 0;
		};
/* End PBXResourcesBuildPhase section */

/* Begin PBXSourcesBuildPhase section */
		A1762403237CEE6800BF86E0 /* Sources */ = {
			isa = PBXSourcesBuildPhase;
			buildActionMask = 2147483647;
			files = (
				A176242C237CF1D100BF86E0 /* DefinitionViewController.swift in Sources */,
				A176240F237CEE6800BF86E0 /* ViewController.swift in Sources */,
				A176240B237CEE6800BF86E0 /* AppDelegate.swift in Sources */,
				A176240D237CEE6800BF86E0 /* SceneDelegate.swift in Sources */,
				A1762420237CEFB600BF86E0 /* Constants.swift in Sources */,
				A1762422237CEFF000BF86E0 /* VolcabularyWord.swift in Sources */,
				A176242A237CF19F00BF86E0 /* WordsTableViewController.swift in Sources */,
			);
			runOnlyForDeploymentPostprocessing = 0;
		};
/* End PBXSourcesBuildPhase section */

/* Begin PBXVariantGroup section */
		A1762423237CF12100BF86E0 /* Main.storyboard */ = {
			isa = PBXVariantGroup;
			children = (
				A1762424237CF12100BF86E0 /* Base */,
			);
			name = Main.storyboard;
			sourceTree = "<group>";
		};
/* End PBXVariantGroup section */

/* Begin XCBuildConfiguration section */
		A1762419237CEE6A00BF86E0 /* Debug */ = {
			isa = XCBuildConfiguration;
			buildSettings = {
				ALWAYS_SEARCH_USER_PATHS = NO;
				CLANG_ANALYZER_NONNULL = YES;
				CLANG_ANALYZER_NUMBER_OBJECT_CONVERSION = YES_AGGRESSIVE;
				CLANG_CXX_LANGUAGE_STANDARD = "gnu++14";
				CLANG_CXX_LIBRARY = "libc++";
				CLANG_ENABLE_MODULES = YES;
				CLANG_ENABLE_OBJC_ARC = YES;
				CLANG_ENABLE_OBJC_WEAK = YES;
				CLANG_WARN_BLOCK_CAPTURE_AUTORELEASING = YES;
				CLANG_WARN_BOOL_CONVERSION = YES;
				CLANG_WARN_COMMA = YES;
				CLANG_WARN_CONSTANT_CONVERSION = YES;
				CLANG_WARN_DEPRECATED_OBJC_IMPLEMENTATIONS = YES;
				CLANG_WARN_DIRECT_OBJC_ISA_USAGE = YES_ERROR;
				CLANG_WARN_DOCUMENTATION_COMMENTS = YES;
				CLANG_WARN_EMPTY_BODY = YES;
				CLANG_WARN_ENUM_CONVERSION = YES;
				CLANG_WARN_INFINITE_RECURSION = YES;
				CLANG_WARN_INT_CONVERSION = YES;
				CLANG_WARN_NON_LITERAL_NULL_CONVERSION = YES;
				CLANG_WARN_OBJC_IMPLICIT_RETAIN_SELF = YES;
				CLANG_WARN_OBJC_LITERAL_CONVERSION = YES;
				CLANG_WARN_OBJC_ROOT_CLASS = YES_ERROR;
				CLANG_WARN_RANGE_LOOP_ANALYSIS = YES;
				CLANG_WARN_STRICT_PROTOTYPES = YES;
				CLANG_WARN_SUSPICIOUS_MOVE = YES;
				CLANG_WARN_UNGUARDED_AVAILABILITY = YES_AGGRESSIVE;
				CLANG_WARN_UNREACHABLE_CODE = YES;
				CLANG_WARN__DUPLICATE_METHOD_MATCH = YES;
				COPY_PHASE_STRIP = NO;
				DEBUG_INFORMATION_FORMAT = dwarf;
				ENABLE_STRICT_OBJC_MSGSEND = YES;
				ENABLE_TESTABILITY = YES;
				GCC_C_LANGUAGE_STANDARD = gnu11;
				GCC_DYNAMIC_NO_PIC = NO;
				GCC_NO_COMMON_BLOCKS = YES;
				GCC_OPTIMIZATION_LEVEL = 0;
				GCC_PREPROCESSOR_DEFINITIONS = (
					"DEBUG=1",
					"$(inherited)",
				);
				GCC_WARN_64_TO_32_BIT_CONVERSION = YES;
				GCC_WARN_ABOUT_RETURN_TYPE = YES_ERROR;
				GCC_WARN_UNDECLARED_SELECTOR = YES;
				GCC_WARN_UNINITIALIZED_AUTOS = YES_AGGRESSIVE;
				GCC_WARN_UNUSED_FUNCTION = YES;
				GCC_WARN_UNUSED_VARIABLE = YES;
				IPHONEOS_DEPLOYMENT_TARGET = 13.0;
				MTL_ENABLE_DEBUG_INFO = INCLUDE_SOURCE;
				MTL_FAST_MATH = YES;
				ONLY_ACTIVE_ARCH = YES;
				SDKROOT = iphoneos;
				SWIFT_ACTIVE_COMPILATION_CONDITIONS = DEBUG;
				SWIFT_OPTIMIZATION_LEVEL = "-Onone";
			};
			name = Debug;
		};
		A176241A237CEE6A00BF86E0 /* Release */ = {
			isa = XCBuildConfiguration;
			buildSettings = {
				ALWAYS_SEARCH_USER_PATHS = NO;
				CLANG_ANALYZER_NONNULL = YES;
				CLANG_ANALYZER_NUMBER_OBJECT_CONVERSION = YES_AGGRESSIVE;
				CLANG_CXX_LANGUAGE_STANDARD = "gnu++14";
				CLANG_CXX_LIBRARY = "libc++";
				CLANG_ENABLE_MODULES = YES;
				CLANG_ENABLE_OBJC_ARC = YES;
				CLANG_ENABLE_OBJC_WEAK = YES;
				CLANG_WARN_BLOCK_CAPTURE_AUTORELEASING = YES;
				CLANG_WARN_BOOL_CONVERSION = YES;
				CLANG_WARN_COMMA = YES;
				CLANG_WARN_CONSTANT_CONVERSION = YES;
				CLANG_WARN_DEPRECATED_OBJC_IMPLEMENTATIONS = YES;
				CLANG_WARN_DIRECT_OBJC_ISA_USAGE = YES_ERROR;
				CLANG_WARN_DOCUMENTATION_COMMENTS = YES;
				CLANG_WARN_EMPTY_BODY = YES;
				CLANG_WARN_ENUM_CONVERSION = YES;
				CLANG_WARN_INFINITE_RECURSION = YES;
				CLANG_WARN_INT_CONVERSION = YES;
				CLANG_WARN_NON_LITERAL_NULL_CONVERSION = YES;
				CLANG_WARN_OBJC_IMPLICIT_RETAIN_SELF = YES;
				CLANG_WARN_OBJC_LITERAL_CONVERSION = YES;
				CLANG_WARN_OBJC_ROOT_CLASS = YES_ERROR;
				CLANG_WARN_RANGE_LOOP_ANALYSIS = YES;
				CLANG_WARN_STRICT_PROTOTYPES = YES;
				CLANG_WARN_SUSPICIOUS_MOVE = YES;
				CLANG_WARN_UNGUARDED_AVAILABILITY = YES_AGGRESSIVE;
				CLANG_WARN_UNREACHABLE_CODE = YES;
				CLANG_WARN__DUPLICATE_METHOD_MATCH = YES;
				COPY_PHASE_STRIP = NO;
				DEBUG_INFORMATION_FORMAT = "dwarf-with-dsym";
				ENABLE_NS_ASSERTIONS = NO;
				ENABLE_STRICT_OBJC_MSGSEND = YES;
				GCC_C_LANGUAGE_STANDARD = gnu11;
				GCC_NO_COMMON_BLOCKS = YES;
				GCC_WARN_64_TO_32_BIT_CONVERSION = YES;
				GCC_WARN_ABOUT_RETURN_TYPE = YES_ERROR;
				GCC_WARN_UNDECLARED_SELECTOR = YES;
				GCC_WARN_UNINITIALIZED_AUTOS = YES_AGGRESSIVE;
				GCC_WARN_UNUSED_FUNCTION = YES;
				GCC_WARN_UNUSED_VARIABLE = YES;
				IPHONEOS_DEPLOYMENT_TARGET = 13.0;
				MTL_ENABLE_DEBUG_INFO = NO;
				MTL_FAST_MATH = YES;
				SDKROOT = iphoneos;
				SWIFT_COMPILATION_MODE = wholemodule;
				SWIFT_OPTIMIZATION_LEVEL = "-O";
				VALIDATE_PRODUCT = YES;
			};
			name = Release;
		};
		A176241C237CEE6A00BF86E0 /* Debug */ = {
			isa = XCBuildConfiguration;
			buildSettings = {
				ASSETCATALOG_COMPILER_APPICON_NAME = AppIcon;
				CODE_SIGN_STYLE = Automatic;
				DEVELOPMENT_TEAM = "";
				INFOPLIST_FILE = "Swift Vocabulary/Info.plist";
				LD_RUNPATH_SEARCH_PATHS = (
					"$(inherited)",
					"@executable_path/Frameworks",
				);
				PRODUCT_BUNDLE_IDENTIFIER = "Robert-Blume.lambdaschool.Swift-Vocabulary";
				PRODUCT_NAME = "$(TARGET_NAME)";
				SWIFT_VERSION = 5.0;
				TARGETED_DEVICE_FAMILY = "1,2";
			};
			name = Debug;
		};
		A176241D237CEE6A00BF86E0 /* Release */ = {
			isa = XCBuildConfiguration;
			buildSettings = {
				ASSETCATALOG_COMPILER_APPICON_NAME = AppIcon;
				CODE_SIGN_STYLE = Automatic;
				DEVELOPMENT_TEAM = "";
				INFOPLIST_FILE = "Swift Vocabulary/Info.plist";
				LD_RUNPATH_SEARCH_PATHS = (
					"$(inherited)",
					"@executable_path/Frameworks",
				);
				PRODUCT_BUNDLE_IDENTIFIER = "Robert-Blume.lambdaschool.Swift-Vocabulary";
				PRODUCT_NAME = "$(TARGET_NAME)";
				SWIFT_VERSION = 5.0;
				TARGETED_DEVICE_FAMILY = "1,2";
			};
			name = Release;
		};
/* End XCBuildConfiguration section */

/* Begin XCConfigurationList section */
		A1762402237CEE6800BF86E0 /* Build configuration list for PBXProject "Swift Vocabulary" */ = {
			isa = XCConfigurationList;
			buildConfigurations = (
				A1762419237CEE6A00BF86E0 /* Debug */,
				A176241A237CEE6A00BF86E0 /* Release */,
			);
			defaultConfigurationIsVisible = 0;
			defaultConfigurationName = Release;
		};
		A176241B237CEE6A00BF86E0 /* Build configuration list for PBXNativeTarget "Swift Vocabulary" */ = {
			isa = XCConfigurationList;
			buildConfigurations = (
				A176241C237CEE6A00BF86E0 /* Debug */,
				A176241D237CEE6A00BF86E0 /* Release */,
			);
			defaultConfigurationIsVisible = 0;
			defaultConfigurationName = Release;
		};
/* End XCConfigurationList section */
	};
	rootObject = A17623FF237CEE6800BF86E0 /* Project object */;
}
