// !$*UTF8*$!
{
	archiveVersion = 1;
	classes = {
	};
	objectVersion = 50;
	objects = {

/* Begin PBXBuildFile section */
		1823179B242003A100B58149 /* AppDelegate.swift in Sources */ = {isa = PBXBuildFile; fileRef = 1823179A242003A100B58149 /* AppDelegate.swift */; };
		1823179D242003A100B58149 /* SceneDelegate.swift in Sources */ = {isa = PBXBuildFile; fileRef = 1823179C242003A100B58149 /* SceneDelegate.swift */; };
		1823179F242003A100B58149 /* ViewController.swift in Sources */ = {isa = PBXBuildFile; fileRef = 1823179E242003A100B58149 /* ViewController.swift */; };
		182317A2242003A100B58149 /* Main.storyboard in Resources */ = {isa = PBXBuildFile; fileRef = 182317A0242003A100B58149 /* Main.storyboard */; };
		182317A4242003A200B58149 /* Assets.xcassets in Resources */ = {isa = PBXBuildFile; fileRef = 182317A3242003A200B58149 /* Assets.xcassets */; };
		182317A7242003A200B58149 /* LaunchScreen.storyboard in Resources */ = {isa = PBXBuildFile; fileRef = 182317A5242003A200B58149 /* LaunchScreen.storyboard */; };
		182317AF2420046000B58149 /* WordsTableViewController.swift in Sources */ = {isa = PBXBuildFile; fileRef = 182317AE2420046000B58149 /* WordsTableViewController.swift */; };
		182317B12420047D00B58149 /* DefinitionViewController.swift in Sources */ = {isa = PBXBuildFile; fileRef = 182317B02420047D00B58149 /* DefinitionViewController.swift */; };
		182317B324200D9300B58149 /* VocabularyWord.swift in Sources */ = {isa = PBXBuildFile; fileRef = 182317B224200D9300B58149 /* VocabularyWord.swift */; };
/* End PBXBuildFile section */

/* Begin PBXFileReference section */
		18231797242003A100B58149 /* Swift Vocabulary App.app */ = {isa = PBXFileReference; explicitFileType = wrapper.application; includeInIndex = 0; path = "Swift Vocabulary App.app"; sourceTree = BUILT_PRODUCTS_DIR; };
		1823179A242003A100B58149 /* AppDelegate.swift */ = {isa = PBXFileReference; lastKnownFileType = sourcecode.swift; path = AppDelegate.swift; sourceTree = "<group>"; };
		1823179C242003A100B58149 /* SceneDelegate.swift */ = {isa = PBXFileReference; lastKnownFileType = sourcecode.swift; path = SceneDelegate.swift; sourceTree = "<group>"; };
		1823179E242003A100B58149 /* ViewController.swift */ = {isa = PBXFileReference; lastKnownFileType = sourcecode.swift; path = ViewController.swift; sourceTree = "<group>"; };
		182317A1242003A100B58149 /* Base */ = {isa = PBXFileReference; lastKnownFileType = file.storyboard; name = Base; path = Base.lproj/Main.storyboard; sourceTree = "<group>"; };
		182317A3242003A200B58149 /* Assets.xcassets */ = {isa = PBXFileReference; lastKnownFileType = folder.assetcatalog; path = Assets.xcassets; sourceTree = "<group>"; };
		182317A6242003A200B58149 /* Base */ = {isa = PBXFileReference; lastKnownFileType = file.storyboard; name = Base; path = Base.lproj/LaunchScreen.storyboard; sourceTree = "<group>"; };
		182317A8242003A200B58149 /* Info.plist */ = {isa = PBXFileReference; lastKnownFileType = text.plist.xml; path = Info.plist; sourceTree = "<group>"; };
		182317AE2420046000B58149 /* WordsTableViewController.swift */ = {isa = PBXFileReference; lastKnownFileType = sourcecode.swift; path = WordsTableViewController.swift; sourceTree = "<group>"; };
		182317B02420047D00B58149 /* DefinitionViewController.swift */ = {isa = PBXFileReference; lastKnownFileType = sourcecode.swift; path = DefinitionViewController.swift; sourceTree = "<group>"; };
		182317B224200D9300B58149 /* VocabularyWord.swift */ = {isa = PBXFileReference; lastKnownFileType = sourcecode.swift; path = VocabularyWord.swift; sourceTree = "<group>"; };
/* End PBXFileReference section */

/* Begin PBXFrameworksBuildPhase section */
		18231794242003A100B58149 /* Frameworks */ = {
			isa = PBXFrameworksBuildPhase;
			buildActionMask = 2147483647;
			files = (
			);
			runOnlyForDeploymentPostprocessing = 0;
		};
/* End PBXFrameworksBuildPhase section */

/* Begin PBXGroup section */
		1823178E242003A100B58149 = {
			isa = PBXGroup;
			children = (
				18231799242003A100B58149 /* Swift Vocabulary App */,
				18231798242003A100B58149 /* Products */,
			);
			sourceTree = "<group>";
		};
		18231798242003A100B58149 /* Products */ = {
			isa = PBXGroup;
			children = (
				18231797242003A100B58149 /* Swift Vocabulary App.app */,
			);
			name = Products;
			sourceTree = "<group>";
		};
		18231799242003A100B58149 /* Swift Vocabulary App */ = {
			isa = PBXGroup;
			children = (
				1823179A242003A100B58149 /* AppDelegate.swift */,
				1823179C242003A100B58149 /* SceneDelegate.swift */,
				1823179E242003A100B58149 /* ViewController.swift */,
				182317A0242003A100B58149 /* Main.storyboard */,
				182317A3242003A200B58149 /* Assets.xcassets */,
				182317A5242003A200B58149 /* LaunchScreen.storyboard */,
				182317A8242003A200B58149 /* Info.plist */,
				182317AE2420046000B58149 /* WordsTableViewController.swift */,
				182317B02420047D00B58149 /* DefinitionViewController.swift */,
				182317B224200D9300B58149 /* VocabularyWord.swift */,
			);
			path = "Swift Vocabulary App";
			sourceTree = "<group>";
		};
/* End PBXGroup section */

/* Begin PBXNativeTarget section */
		18231796242003A100B58149 /* Swift Vocabulary App */ = {
			isa = PBXNativeTarget;
			buildConfigurationList = 182317AB242003A200B58149 /* Build configuration list for PBXNativeTarget "Swift Vocabulary App" */;
			buildPhases = (
				18231793242003A100B58149 /* Sources */,
				18231794242003A100B58149 /* Frameworks */,
				18231795242003A100B58149 /* Resources */,
			);
			buildRules = (
			);
			dependencies = (
			);
			name = "Swift Vocabulary App";
			productName = "Swift Vocabulary App";
			productReference = 18231797242003A100B58149 /* Swift Vocabulary App.app */;
			productType = "com.apple.product-type.application";
		};
/* End PBXNativeTarget section */

/* Begin PBXProject section */
		1823178F242003A100B58149 /* Project object */ = {
			isa = PBXProject;
			attributes = {
				LastSwiftUpdateCheck = 1130;
				LastUpgradeCheck = 1130;
				ORGANIZATIONNAME = "Mark Poggi";
				TargetAttributes = {
					18231796242003A100B58149 = {
						CreatedOnToolsVersion = 11.3.1;
					};
				};
			};
			buildConfigurationList = 18231792242003A100B58149 /* Build configuration list for PBXProject "Swift Vocabulary App" */;
			compatibilityVersion = "Xcode 9.3";
			developmentRegion = en;
			hasScannedForEncodings = 0;
			knownRegions = (
				en,
				Base,
			);
			mainGroup = 1823178E242003A100B58149;
			productRefGroup = 18231798242003A100B58149 /* Products */;
			projectDirPath = "";
			projectRoot = "";
			targets = (
				18231796242003A100B58149 /* Swift Vocabulary App */,
			);
		};
/* End PBXProject section */

/* Begin PBXResourcesBuildPhase section */
		18231795242003A100B58149 /* Resources */ = {
			isa = PBXResourcesBuildPhase;
			buildActionMask = 2147483647;
			files = (
				182317A7242003A200B58149 /* LaunchScreen.storyboard in Resources */,
				182317A4242003A200B58149 /* Assets.xcassets in Resources */,
				182317A2242003A100B58149 /* Main.storyboard in Resources */,
			);
			runOnlyForDeploymentPostprocessing = 0;
		};
/* End PBXResourcesBuildPhase section */

/* Begin PBXSourcesBuildPhase section */
		18231793242003A100B58149 /* Sources */ = {
			isa = PBXSourcesBuildPhase;
			buildActionMask = 2147483647;
			files = (
				1823179F242003A100B58149 /* ViewController.swift in Sources */,
				1823179B242003A100B58149 /* AppDelegate.swift in Sources */,
				1823179D242003A100B58149 /* SceneDelegate.swift in Sources */,
				182317B324200D9300B58149 /* VocabularyWord.swift in Sources */,
				182317AF2420046000B58149 /* WordsTableViewController.swift in Sources */,
				182317B12420047D00B58149 /* DefinitionViewController.swift in Sources */,
			);
			runOnlyForDeploymentPostprocessing = 0;
		};
/* End PBXSourcesBuildPhase section */

/* Begin PBXVariantGroup section */
		182317A0242003A100B58149 /* Main.storyboard */ = {
			isa = PBXVariantGroup;
			children = (
				182317A1242003A100B58149 /* Base */,
			);
			name = Main.storyboard;
			sourceTree = "<group>";
		};
		182317A5242003A200B58149 /* LaunchScreen.storyboard */ = {
			isa = PBXVariantGroup;
			children = (
				182317A6242003A200B58149 /* Base */,
			);
			name = LaunchScreen.storyboard;
			sourceTree = "<group>";
		};
/* End PBXVariantGroup section */

/* Begin XCBuildConfiguration section */
		182317A9242003A200B58149 /* Debug */ = {
			isa = XCBuildConfiguration;
			buildSettings = {
				ALWAYS_SEARCH_USER_PATHS = NO;
				CLANG_ANALYZER_NONNULL = YES;
				CLANG_ANALYZER_NUMBER_OBJECT_CONVERSION = YES_AGGRESSIVE;
				CLANG_CXX_LANGUAGE_STANDARD = "gnu++14";
				CLANG_CXX_LIBRARY = "libc++";
				CLANG_ENABLE_MODULES = YES;
				CLANG_ENABLE_OBJC_ARC = YES;
				CLANG_ENABLE_OBJC_WEAK = YES;
				CLANG_WARN_BLOCK_CAPTURE_AUTORELEASING = YES;
				CLANG_WARN_BOOL_CONVERSION = YES;
				CLANG_WARN_COMMA = YES;
				CLANG_WARN_CONSTANT_CONVERSION = YES;
				CLANG_WARN_DEPRECATED_OBJC_IMPLEMENTATIONS = YES;
				CLANG_WARN_DIRECT_OBJC_ISA_USAGE = YES_ERROR;
				CLANG_WARN_DOCUMENTATION_COMMENTS = YES;
				CLANG_WARN_EMPTY_BODY = YES;
				CLANG_WARN_ENUM_CONVERSION = YES;
				CLANG_WARN_INFINITE_RECURSION = YES;
				CLANG_WARN_INT_CONVERSION = YES;
				CLANG_WARN_NON_LITERAL_NULL_CONVERSION = YES;
				CLANG_WARN_OBJC_IMPLICIT_RETAIN_SELF = YES;
				CLANG_WARN_OBJC_LITERAL_CONVERSION = YES;
				CLANG_WARN_OBJC_ROOT_CLASS = YES_ERROR;
				CLANG_WARN_RANGE_LOOP_ANALYSIS = YES;
				CLANG_WARN_STRICT_PROTOTYPES = YES;
				CLANG_WARN_SUSPICIOUS_MOVE = YES;
				CLANG_WARN_UNGUARDED_AVAILABILITY = YES_AGGRESSIVE;
				CLANG_WARN_UNREACHABLE_CODE = YES;
				CLANG_WARN__DUPLICATE_METHOD_MATCH = YES;
				COPY_PHASE_STRIP = NO;
				DEBUG_INFORMATION_FORMAT = dwarf;
				ENABLE_STRICT_OBJC_MSGSEND = YES;
				ENABLE_TESTABILITY = YES;
				GCC_C_LANGUAGE_STANDARD = gnu11;
				GCC_DYNAMIC_NO_PIC = NO;
				GCC_NO_COMMON_BLOCKS = YES;
				GCC_OPTIMIZATION_LEVEL = 0;
				GCC_PREPROCESSOR_DEFINITIONS = (
					"DEBUG=1",
					"$(inherited)",
				);
				GCC_WARN_64_TO_32_BIT_CONVERSION = YES;
				GCC_WARN_ABOUT_RETURN_TYPE = YES_ERROR;
				GCC_WARN_UNDECLARED_SELECTOR = YES;
				GCC_WARN_UNINITIALIZED_AUTOS = YES_AGGRESSIVE;
				GCC_WARN_UNUSED_FUNCTION = YES;
				GCC_WARN_UNUSED_VARIABLE = YES;
				IPHONEOS_DEPLOYMENT_TARGET = 13.2;
				MTL_ENABLE_DEBUG_INFO = INCLUDE_SOURCE;
				MTL_FAST_MATH = YES;
				ONLY_ACTIVE_ARCH = YES;
				SDKROOT = iphoneos;
				SWIFT_ACTIVE_COMPILATION_CONDITIONS = DEBUG;
				SWIFT_OPTIMIZATION_LEVEL = "-Onone";
			};
			name = Debug;
		};
		182317AA242003A200B58149 /* Release */ = {
			isa = XCBuildConfiguration;
			buildSettings = {
				ALWAYS_SEARCH_USER_PATHS = NO;
				CLANG_ANALYZER_NONNULL = YES;
				CLANG_ANALYZER_NUMBER_OBJECT_CONVERSION = YES_AGGRESSIVE;
				CLANG_CXX_LANGUAGE_STANDARD = "gnu++14";
				CLANG_CXX_LIBRARY = "libc++";
				CLANG_ENABLE_MODULES = YES;
				CLANG_ENABLE_OBJC_ARC = YES;
				CLANG_ENABLE_OBJC_WEAK = YES;
				CLANG_WARN_BLOCK_CAPTURE_AUTORELEASING = YES;
				CLANG_WARN_BOOL_CONVERSION = YES;
				CLANG_WARN_COMMA = YES;
				CLANG_WARN_CONSTANT_CONVERSION = YES;
				CLANG_WARN_DEPRECATED_OBJC_IMPLEMENTATIONS = YES;
				CLANG_WARN_DIRECT_OBJC_ISA_USAGE = YES_ERROR;
				CLANG_WARN_DOCUMENTATION_COMMENTS = YES;
				CLANG_WARN_EMPTY_BODY = YES;
				CLANG_WARN_ENUM_CONVERSION = YES;
				CLANG_WARN_INFINITE_RECURSION = YES;
				CLANG_WARN_INT_CONVERSION = YES;
				CLANG_WARN_NON_LITERAL_NULL_CONVERSION = YES;
				CLANG_WARN_OBJC_IMPLICIT_RETAIN_SELF = YES;
				CLANG_WARN_OBJC_LITERAL_CONVERSION = YES;
				CLANG_WARN_OBJC_ROOT_CLASS = YES_ERROR;
				CLANG_WARN_RANGE_LOOP_ANALYSIS = YES;
				CLANG_WARN_STRICT_PROTOTYPES = YES;
				CLANG_WARN_SUSPICIOUS_MOVE = YES;
				CLANG_WARN_UNGUARDED_AVAILABILITY = YES_AGGRESSIVE;
				CLANG_WARN_UNREACHABLE_CODE = YES;
				CLANG_WARN__DUPLICATE_METHOD_MATCH = YES;
				COPY_PHASE_STRIP = NO;
				DEBUG_INFORMATION_FORMAT = "dwarf-with-dsym";
				ENABLE_NS_ASSERTIONS = NO;
				ENABLE_STRICT_OBJC_MSGSEND = YES;
				GCC_C_LANGUAGE_STANDARD = gnu11;
				GCC_NO_COMMON_BLOCKS = YES;
				GCC_WARN_64_TO_32_BIT_CONVERSION = YES;
				GCC_WARN_ABOUT_RETURN_TYPE = YES_ERROR;
				GCC_WARN_UNDECLARED_SELECTOR = YES;
				GCC_WARN_UNINITIALIZED_AUTOS = YES_AGGRESSIVE;
				GCC_WARN_UNUSED_FUNCTION = YES;
				GCC_WARN_UNUSED_VARIABLE = YES;
				IPHONEOS_DEPLOYMENT_TARGET = 13.2;
				MTL_ENABLE_DEBUG_INFO = NO;
				MTL_FAST_MATH = YES;
				SDKROOT = iphoneos;
				SWIFT_COMPILATION_MODE = wholemodule;
				SWIFT_OPTIMIZATION_LEVEL = "-O";
				VALIDATE_PRODUCT = YES;
			};
			name = Release;
		};
		182317AC242003A200B58149 /* Debug */ = {
			isa = XCBuildConfiguration;
			buildSettings = {
				ASSETCATALOG_COMPILER_APPICON_NAME = AppIcon;
				CODE_SIGN_STYLE = Automatic;
				INFOPLIST_FILE = "Swift Vocabulary App/Info.plist";
				LD_RUNPATH_SEARCH_PATHS = (
					"$(inherited)",
					"@executable_path/Frameworks",
				);
				PRODUCT_BUNDLE_IDENTIFIER = "com.markpoggi.Swift-Vocabulary-App";
				PRODUCT_NAME = "$(TARGET_NAME)";
				SWIFT_VERSION = 5.0;
				TARGETED_DEVICE_FAMILY = "1,2";
			};
			name = Debug;
		};
		182317AD242003A200B58149 /* Release */ = {
			isa = XCBuildConfiguration;
			buildSettings = {
				ASSETCATALOG_COMPILER_APPICON_NAME = AppIcon;
				CODE_SIGN_STYLE = Automatic;
				INFOPLIST_FILE = "Swift Vocabulary App/Info.plist";
				LD_RUNPATH_SEARCH_PATHS = (
					"$(inherited)",
					"@executable_path/Frameworks",
				);
				PRODUCT_BUNDLE_IDENTIFIER = "com.markpoggi.Swift-Vocabulary-App";
				PRODUCT_NAME = "$(TARGET_NAME)";
				SWIFT_VERSION = 5.0;
				TARGETED_DEVICE_FAMILY = "1,2";
			};
			name = Release;
		};
/* End XCBuildConfiguration section */

/* Begin XCConfigurationList section */
		18231792242003A100B58149 /* Build configuration list for PBXProject "Swift Vocabulary App" */ = {
			isa = XCConfigurationList;
			buildConfigurations = (
				182317A9242003A200B58149 /* Debug */,
				182317AA242003A200B58149 /* Release */,
			);
			defaultConfigurationIsVisible = 0;
			defaultConfigurationName = Release;
		};
		182317AB242003A200B58149 /* Build configuration list for PBXNativeTarget "Swift Vocabulary App" */ = {
			isa = XCConfigurationList;
			buildConfigurations = (
				182317AC242003A200B58149 /* Debug */,
				182317AD242003A200B58149 /* Release */,
			);
			defaultConfigurationIsVisible = 0;
			defaultConfigurationName = Release;
		};
/* End XCConfigurationList section */
	};
	rootObject = 1823178F242003A100B58149 /* Project object */;
}
