// !$*UTF8*$!
{
	archiveVersion = 1;
	classes = {
	};
	objectVersion = 50;
	objects = {

/* Begin PBXBuildFile section */
		4CFBB7F623330E54009C8D66 /* AppDelegate.swift in Sources */ = {isa = PBXBuildFile; fileRef = 4CFBB7F523330E54009C8D66 /* AppDelegate.swift */; };
		4CFBB7FB23330E54009C8D66 /* Main.storyboard in Resources */ = {isa = PBXBuildFile; fileRef = 4CFBB7F923330E54009C8D66 /* Main.storyboard */; };
		4CFBB7FD23330E54009C8D66 /* Assets.xcassets in Resources */ = {isa = PBXBuildFile; fileRef = 4CFBB7FC23330E54009C8D66 /* Assets.xcassets */; };
		4CFBB80023330E54009C8D66 /* LaunchScreen.storyboard in Resources */ = {isa = PBXBuildFile; fileRef = 4CFBB7FE23330E54009C8D66 /* LaunchScreen.storyboard */; };
		4CFBB80823330F27009C8D66 /* WordsTableviewControllerTableViewController.swift in Sources */ = {isa = PBXBuildFile; fileRef = 4CFBB80723330F27009C8D66 /* WordsTableviewControllerTableViewController.swift */; };
		4CFBB80A23330F94009C8D66 /* DefinitionViewController.swift in Sources */ = {isa = PBXBuildFile; fileRef = 4CFBB80923330F94009C8D66 /* DefinitionViewController.swift */; };
		4CFBB80C23331826009C8D66 /* VocabularyController.swift in Sources */ = {isa = PBXBuildFile; fileRef = 4CFBB80B23331826009C8D66 /* VocabularyController.swift */; };
		4CFBB80E233319FC009C8D66 /* VocabularyWord.swift in Sources */ = {isa = PBXBuildFile; fileRef = 4CFBB80D233319FC009C8D66 /* VocabularyWord.swift */; };
/* End PBXBuildFile section */

/* Begin PBXFileReference section */
		4CFBB7F223330E54009C8D66 /* SwiftVocabulary.app */ = {isa = PBXFileReference; explicitFileType = wrapper.application; includeInIndex = 0; path = SwiftVocabulary.app; sourceTree = BUILT_PRODUCTS_DIR; };
		4CFBB7F523330E54009C8D66 /* AppDelegate.swift */ = {isa = PBXFileReference; lastKnownFileType = sourcecode.swift; path = AppDelegate.swift; sourceTree = "<group>"; };
		4CFBB7FA23330E54009C8D66 /* Base */ = {isa = PBXFileReference; lastKnownFileType = file.storyboard; name = Base; path = Base.lproj/Main.storyboard; sourceTree = "<group>"; };
		4CFBB7FC23330E54009C8D66 /* Assets.xcassets */ = {isa = PBXFileReference; lastKnownFileType = folder.assetcatalog; path = Assets.xcassets; sourceTree = "<group>"; };
		4CFBB7FF23330E54009C8D66 /* Base */ = {isa = PBXFileReference; lastKnownFileType = file.storyboard; name = Base; path = Base.lproj/LaunchScreen.storyboard; sourceTree = "<group>"; };
		4CFBB80123330E54009C8D66 /* Info.plist */ = {isa = PBXFileReference; lastKnownFileType = text.plist.xml; path = Info.plist; sourceTree = "<group>"; };
		4CFBB80723330F27009C8D66 /* WordsTableviewControllerTableViewController.swift */ = {isa = PBXFileReference; lastKnownFileType = sourcecode.swift; path = WordsTableviewControllerTableViewController.swift; sourceTree = "<group>"; };
		4CFBB80923330F94009C8D66 /* DefinitionViewController.swift */ = {isa = PBXFileReference; lastKnownFileType = sourcecode.swift; path = DefinitionViewController.swift; sourceTree = "<group>"; };
		4CFBB80B23331826009C8D66 /* VocabularyController.swift */ = {isa = PBXFileReference; lastKnownFileType = sourcecode.swift; path = VocabularyController.swift; sourceTree = "<group>"; };
		4CFBB80D233319FC009C8D66 /* VocabularyWord.swift */ = {isa = PBXFileReference; lastKnownFileType = sourcecode.swift; path = VocabularyWord.swift; sourceTree = "<group>"; };
/* End PBXFileReference section */

/* Begin PBXFrameworksBuildPhase section */
		4CFBB7EF23330E54009C8D66 /* Frameworks */ = {
			isa = PBXFrameworksBuildPhase;
			buildActionMask = 2147483647;
			files = (
			);
			runOnlyForDeploymentPostprocessing = 0;
		};
/* End PBXFrameworksBuildPhase section */

/* Begin PBXGroup section */
		1B57479E23348D1900F8C9A7 /* ViewControllers */ = {
			isa = PBXGroup;
			children = (
				4CFBB80723330F27009C8D66 /* WordsTableviewControllerTableViewController.swift */,
				4CFBB80923330F94009C8D66 /* DefinitionViewController.swift */,
			);
			path = ViewControllers;
			sourceTree = "<group>";
		};
		1B57479F23348D3100F8C9A7 /* Storyboards */ = {
			isa = PBXGroup;
			children = (
				4CFBB7F923330E54009C8D66 /* Main.storyboard */,
				4CFBB7FE23330E54009C8D66 /* LaunchScreen.storyboard */,
			);
			path = Storyboards;
			sourceTree = "<group>";
		};
		1B5747A023348D4D00F8C9A7 /* Models */ = {
			isa = PBXGroup;
			children = (
				4CFBB80D233319FC009C8D66 /* VocabularyWord.swift */,
				4CFBB80B23331826009C8D66 /* VocabularyController.swift */,
			);
			path = Models;
			sourceTree = "<group>";
		};
		1B5747A123348D5E00F8C9A7 /* Resources */ = {
			isa = PBXGroup;
			children = (
				4CFBB7F523330E54009C8D66 /* AppDelegate.swift */,
				4CFBB7FC23330E54009C8D66 /* Assets.xcassets */,
				4CFBB80123330E54009C8D66 /* Info.plist */,
			);
			path = Resources;
			sourceTree = "<group>";
		};
		4CFBB7E923330E53009C8D66 = {
			isa = PBXGroup;
			children = (
				4CFBB7F423330E54009C8D66 /* SwiftVocabulary */,
				4CFBB7F323330E54009C8D66 /* Products */,
			);
			sourceTree = "<group>";
		};
		4CFBB7F323330E54009C8D66 /* Products */ = {
			isa = PBXGroup;
			children = (
				4CFBB7F223330E54009C8D66 /* SwiftVocabulary.app */,
			);
			name = Products;
			sourceTree = "<group>";
		};
		4CFBB7F423330E54009C8D66 /* SwiftVocabulary */ = {
			isa = PBXGroup;
			children = (
				1B5747A123348D5E00F8C9A7 /* Resources */,
				1B57479E23348D1900F8C9A7 /* ViewControllers */,
				1B57479F23348D3100F8C9A7 /* Storyboards */,
				1B5747A023348D4D00F8C9A7 /* Models */,
			);
			path = SwiftVocabulary;
			sourceTree = "<group>";
		};
/* End PBXGroup section */

/* Begin PBXNativeTarget section */
		4CFBB7F123330E54009C8D66 /* SwiftVocabulary */ = {
			isa = PBXNativeTarget;
			buildConfigurationList = 4CFBB80423330E54009C8D66 /* Build configuration list for PBXNativeTarget "SwiftVocabulary" */;
			buildPhases = (
				4CFBB7EE23330E54009C8D66 /* Sources */,
				4CFBB7EF23330E54009C8D66 /* Frameworks */,
				4CFBB7F023330E54009C8D66 /* Resources */,
			);
			buildRules = (
			);
			dependencies = (
			);
			name = SwiftVocabulary;
			productName = SwiftVocabulary;
			productReference = 4CFBB7F223330E54009C8D66 /* SwiftVocabulary.app */;
			productType = "com.apple.product-type.application";
		};
/* End PBXNativeTarget section */

/* Begin PBXProject section */
		4CFBB7EA23330E53009C8D66 /* Project object */ = {
			isa = PBXProject;
			attributes = {
				LastSwiftUpdateCheck = 1030;
				LastUpgradeCheck = 1030;
				ORGANIZATIONNAME = "Lambda School";
				TargetAttributes = {
					4CFBB7F123330E54009C8D66 = {
						CreatedOnToolsVersion = 10.3;
					};
				};
			};
			buildConfigurationList = 4CFBB7ED23330E53009C8D66 /* Build configuration list for PBXProject "SwiftVocabulary" */;
			compatibilityVersion = "Xcode 9.3";
			developmentRegion = en;
			hasScannedForEncodings = 0;
			knownRegions = (
				en,
				Base,
			);
			mainGroup = 4CFBB7E923330E53009C8D66;
			productRefGroup = 4CFBB7F323330E54009C8D66 /* Products */;
			projectDirPath = "";
			projectRoot = "";
			targets = (
				4CFBB7F123330E54009C8D66 /* SwiftVocabulary */,
			);
		};
/* End PBXProject section */

/* Begin PBXResourcesBuildPhase section */
		4CFBB7F023330E54009C8D66 /* Resources */ = {
			isa = PBXResourcesBuildPhase;
			buildActionMask = 2147483647;
			files = (
				4CFBB80023330E54009C8D66 /* LaunchScreen.storyboard in Resources */,
				4CFBB7FD23330E54009C8D66 /* Assets.xcassets in Resources */,
				4CFBB7FB23330E54009C8D66 /* Main.storyboard in Resources */,
			);
			runOnlyForDeploymentPostprocessing = 0;
		};
/* End PBXResourcesBuildPhase section */

/* Begin PBXSourcesBuildPhase section */
		4CFBB7EE23330E54009C8D66 /* Sources */ = {
			isa = PBXSourcesBuildPhase;
			buildActionMask = 2147483647;
			files = (
				4CFBB80A23330F94009C8D66 /* DefinitionViewController.swift in Sources */,
				4CFBB80C23331826009C8D66 /* VocabularyController.swift in Sources */,
				4CFBB80E233319FC009C8D66 /* VocabularyWord.swift in Sources */,
				4CFBB7F623330E54009C8D66 /* AppDelegate.swift in Sources */,
				4CFBB80823330F27009C8D66 /* WordsTableviewControllerTableViewController.swift in Sources */,
			);
			runOnlyForDeploymentPostprocessing = 0;
		};
/* End PBXSourcesBuildPhase section */

/* Begin PBXVariantGroup section */
		4CFBB7F923330E54009C8D66 /* Main.storyboard */ = {
			isa = PBXVariantGroup;
			children = (
				4CFBB7FA23330E54009C8D66 /* Base */,
			);
			name = Main.storyboard;
			sourceTree = "<group>";
		};
		4CFBB7FE23330E54009C8D66 /* LaunchScreen.storyboard */ = {
			isa = PBXVariantGroup;
			children = (
				4CFBB7FF23330E54009C8D66 /* Base */,
			);
			name = LaunchScreen.storyboard;
			sourceTree = "<group>";
		};
/* End PBXVariantGroup section */

/* Begin XCBuildConfiguration section */
		4CFBB80223330E54009C8D66 /* Debug */ = {
			isa = XCBuildConfiguration;
			buildSettings = {
				ALWAYS_SEARCH_USER_PATHS = NO;
				CLANG_ANALYZER_NONNULL = YES;
				CLANG_ANALYZER_NUMBER_OBJECT_CONVERSION = YES_AGGRESSIVE;
				CLANG_CXX_LANGUAGE_STANDARD = "gnu++14";
				CLANG_CXX_LIBRARY = "libc++";
				CLANG_ENABLE_MODULES = YES;
				CLANG_ENABLE_OBJC_ARC = YES;
				CLANG_ENABLE_OBJC_WEAK = YES;
				CLANG_WARN_BLOCK_CAPTURE_AUTORELEASING = YES;
				CLANG_WARN_BOOL_CONVERSION = YES;
				CLANG_WARN_COMMA = YES;
				CLANG_WARN_CONSTANT_CONVERSION = YES;
				CLANG_WARN_DEPRECATED_OBJC_IMPLEMENTATIONS = YES;
				CLANG_WARN_DIRECT_OBJC_ISA_USAGE = YES_ERROR;
				CLANG_WARN_DOCUMENTATION_COMMENTS = YES;
				CLANG_WARN_EMPTY_BODY = YES;
				CLANG_WARN_ENUM_CONVERSION = YES;
				CLANG_WARN_INFINITE_RECURSION = YES;
				CLANG_WARN_INT_CONVERSION = YES;
				CLANG_WARN_NON_LITERAL_NULL_CONVERSION = YES;
				CLANG_WARN_OBJC_IMPLICIT_RETAIN_SELF = YES;
				CLANG_WARN_OBJC_LITERAL_CONVERSION = YES;
				CLANG_WARN_OBJC_ROOT_CLASS = YES_ERROR;
				CLANG_WARN_RANGE_LOOP_ANALYSIS = YES;
				CLANG_WARN_STRICT_PROTOTYPES = YES;
				CLANG_WARN_SUSPICIOUS_MOVE = YES;
				CLANG_WARN_UNGUARDED_AVAILABILITY = YES_AGGRESSIVE;
				CLANG_WARN_UNREACHABLE_CODE = YES;
				CLANG_WARN__DUPLICATE_METHOD_MATCH = YES;
				CODE_SIGN_IDENTITY = "iPhone Developer";
				COPY_PHASE_STRIP = NO;
				DEBUG_INFORMATION_FORMAT = dwarf;
				ENABLE_STRICT_OBJC_MSGSEND = YES;
				ENABLE_TESTABILITY = YES;
				GCC_C_LANGUAGE_STANDARD = gnu11;
				GCC_DYNAMIC_NO_PIC = NO;
				GCC_NO_COMMON_BLOCKS = YES;
				GCC_OPTIMIZATION_LEVEL = 0;
				GCC_PREPROCESSOR_DEFINITIONS = (
					"DEBUG=1",
					"$(inherited)",
				);
				GCC_WARN_64_TO_32_BIT_CONVERSION = YES;
				GCC_WARN_ABOUT_RETURN_TYPE = YES_ERROR;
				GCC_WARN_UNDECLARED_SELECTOR = YES;
				GCC_WARN_UNINITIALIZED_AUTOS = YES_AGGRESSIVE;
				GCC_WARN_UNUSED_FUNCTION = YES;
				GCC_WARN_UNUSED_VARIABLE = YES;
				IPHONEOS_DEPLOYMENT_TARGET = 12.4;
				MTL_ENABLE_DEBUG_INFO = INCLUDE_SOURCE;
				MTL_FAST_MATH = YES;
				ONLY_ACTIVE_ARCH = YES;
				SDKROOT = iphoneos;
				SWIFT_ACTIVE_COMPILATION_CONDITIONS = DEBUG;
				SWIFT_OPTIMIZATION_LEVEL = "-Onone";
			};
			name = Debug;
		};
		4CFBB80323330E54009C8D66 /* Release */ = {
			isa = XCBuildConfiguration;
			buildSettings = {
				ALWAYS_SEARCH_USER_PATHS = NO;
				CLANG_ANALYZER_NONNULL = YES;
				CLANG_ANALYZER_NUMBER_OBJECT_CONVERSION = YES_AGGRESSIVE;
				CLANG_CXX_LANGUAGE_STANDARD = "gnu++14";
				CLANG_CXX_LIBRARY = "libc++";
				CLANG_ENABLE_MODULES = YES;
				CLANG_ENABLE_OBJC_ARC = YES;
				CLANG_ENABLE_OBJC_WEAK = YES;
				CLANG_WARN_BLOCK_CAPTURE_AUTORELEASING = YES;
				CLANG_WARN_BOOL_CONVERSION = YES;
				CLANG_WARN_COMMA = YES;
				CLANG_WARN_CONSTANT_CONVERSION = YES;
				CLANG_WARN_DEPRECATED_OBJC_IMPLEMENTATIONS = YES;
				CLANG_WARN_DIRECT_OBJC_ISA_USAGE = YES_ERROR;
				CLANG_WARN_DOCUMENTATION_COMMENTS = YES;
				CLANG_WARN_EMPTY_BODY = YES;
				CLANG_WARN_ENUM_CONVERSION = YES;
				CLANG_WARN_INFINITE_RECURSION = YES;
				CLANG_WARN_INT_CONVERSION = YES;
				CLANG_WARN_NON_LITERAL_NULL_CONVERSION = YES;
				CLANG_WARN_OBJC_IMPLICIT_RETAIN_SELF = YES;
				CLANG_WARN_OBJC_LITERAL_CONVERSION = YES;
				CLANG_WARN_OBJC_ROOT_CLASS = YES_ERROR;
				CLANG_WARN_RANGE_LOOP_ANALYSIS = YES;
				CLANG_WARN_STRICT_PROTOTYPES = YES;
				CLANG_WARN_SUSPICIOUS_MOVE = YES;
				CLANG_WARN_UNGUARDED_AVAILABILITY = YES_AGGRESSIVE;
				CLANG_WARN_UNREACHABLE_CODE = YES;
				CLANG_WARN__DUPLICATE_METHOD_MATCH = YES;
				CODE_SIGN_IDENTITY = "iPhone Developer";
				COPY_PHASE_STRIP = NO;
				DEBUG_INFORMATION_FORMAT = "dwarf-with-dsym";
				ENABLE_NS_ASSERTIONS = NO;
				ENABLE_STRICT_OBJC_MSGSEND = YES;
				GCC_C_LANGUAGE_STANDARD = gnu11;
				GCC_NO_COMMON_BLOCKS = YES;
				GCC_WARN_64_TO_32_BIT_CONVERSION = YES;
				GCC_WARN_ABOUT_RETURN_TYPE = YES_ERROR;
				GCC_WARN_UNDECLARED_SELECTOR = YES;
				GCC_WARN_UNINITIALIZED_AUTOS = YES_AGGRESSIVE;
				GCC_WARN_UNUSED_FUNCTION = YES;
				GCC_WARN_UNUSED_VARIABLE = YES;
				IPHONEOS_DEPLOYMENT_TARGET = 12.4;
				MTL_ENABLE_DEBUG_INFO = NO;
				MTL_FAST_MATH = YES;
				SDKROOT = iphoneos;
				SWIFT_COMPILATION_MODE = wholemodule;
				SWIFT_OPTIMIZATION_LEVEL = "-O";
				VALIDATE_PRODUCT = YES;
			};
			name = Release;
		};
		4CFBB80523330E54009C8D66 /* Debug */ = {
			isa = XCBuildConfiguration;
			buildSettings = {
				ASSETCATALOG_COMPILER_APPICON_NAME = AppIcon;
				CODE_SIGN_STYLE = Automatic;
				INFOPLIST_FILE = "$(SRCROOT)/SwiftVocabulary/Resources/Info.plist";
				LD_RUNPATH_SEARCH_PATHS = (
					"$(inherited)",
					"@executable_path/Frameworks",
				);
				PRODUCT_BUNDLE_IDENTIFIER = com.boudlalkarim.SwiftVocabulary;
				PRODUCT_NAME = "$(TARGET_NAME)";
				SWIFT_VERSION = 5.0;
				TARGETED_DEVICE_FAMILY = "1,2";
			};
			name = Debug;
		};
		4CFBB80623330E54009C8D66 /* Release */ = {
			isa = XCBuildConfiguration;
			buildSettings = {
				ASSETCATALOG_COMPILER_APPICON_NAME = AppIcon;
				CODE_SIGN_STYLE = Automatic;
				INFOPLIST_FILE = "$(SRCROOT)/SwiftVocabulary/Resources/Info.plist";
				LD_RUNPATH_SEARCH_PATHS = (
					"$(inherited)",
					"@executable_path/Frameworks",
				);
				PRODUCT_BUNDLE_IDENTIFIER = com.boudlalkarim.SwiftVocabulary;
				PRODUCT_NAME = "$(TARGET_NAME)";
				SWIFT_VERSION = 5.0;
				TARGETED_DEVICE_FAMILY = "1,2";
			};
			name = Release;
		};
/* End XCBuildConfiguration section */

/* Begin XCConfigurationList section */
		4CFBB7ED23330E53009C8D66 /* Build configuration list for PBXProject "SwiftVocabulary" */ = {
			isa = XCConfigurationList;
			buildConfigurations = (
				4CFBB80223330E54009C8D66 /* Debug */,
				4CFBB80323330E54009C8D66 /* Release */,
			);
			defaultConfigurationIsVisible = 0;
			defaultConfigurationName = Release;
		};
		4CFBB80423330E54009C8D66 /* Build configuration list for PBXNativeTarget "SwiftVocabulary" */ = {
			isa = XCConfigurationList;
			buildConfigurations = (
				4CFBB80523330E54009C8D66 /* Debug */,
				4CFBB80623330E54009C8D66 /* Release */,
			);
			defaultConfigurationIsVisible = 0;
			defaultConfigurationName = Release;
		};
/* End XCConfigurationList section */
	};
	rootObject = 4CFBB7EA23330E53009C8D66 /* Project object */;
}
